
Microsoft Visual Studio Solution File, Format Version 12.00
# Visual Studio Version 17
VisualStudioVersion = 17.13.35931.197 d17.13
MinimumVisualStudioVersion = 10.0.40219.1
Project("{FAE04EC0-301F-11D3-BF4B-00C04F79EFBC}") = "Chess#", "Chess#\Chess#.csproj", "{EB0E673C-D6EF-4BE4-85D4-0707CD420AEA}"
EndProject
Global
	GlobalSection(SolutionConfigurationPlatforms) = preSolution
		Debug|Any CPU = Debug|Any CPU
		Release|Any CPU = Release|Any CPU
	EndGlobalSection
	GlobalSection(ProjectConfigurationPlatforms) = postSolution
		{EB0E673C-D6EF-4BE4-85D4-0707CD420AEA}.Debug|Any CPU.ActiveCfg = Debug|Any CPU
		{EB0E673C-D6EF-4BE4-85D4-0707CD420AEA}.Debug|Any CPU.Build.0 = Debug|Any CPU
		{EB0E673C-D6EF-4BE4-85D4-0707CD420AEA}.Release|Any CPU.ActiveCfg = Release|Any CPU
		{EB0E673C-D6EF-4BE4-85D4-0707CD420AEA}.Release|Any CPU.Build.0 = Release|Any CPU
	EndGlobalSection
	GlobalSection(SolutionProperties) = preSolution
		HideSolutionNode = FALSE
	EndGlobalSection
	GlobalSection(ExtensibilityGlobals) = postSolution
		SolutionGuid = {AF98C35B-E48B-4816-A6E2-0350A6C3CDD1}
	EndGlobalSection
EndGlobal
